// !$*UTF8*$!
{
	archiveVersion = 1;
	classes = {
	};
	objectVersion = 50;
	objects = {

/* Begin PBXBuildFile section */
		2220882B217EA47B008C6472 /* AppDelegate.swift in Sources */ = {isa = PBXBuildFile; fileRef = 2220882A217EA47B008C6472 /* AppDelegate.swift */; };
		2220882D217EA47B008C6472 /* ViewController.swift in Sources */ = {isa = PBXBuildFile; fileRef = 2220882C217EA47B008C6472 /* ViewController.swift */; };
		22208830217EA47B008C6472 /* Main.storyboard in Resources */ = {isa = PBXBuildFile; fileRef = 2220882E217EA47B008C6472 /* Main.storyboard */; };
		22208832217EA47C008C6472 /* Assets.xcassets in Resources */ = {isa = PBXBuildFile; fileRef = 22208831217EA47C008C6472 /* Assets.xcassets */; };
		22208835217EA47C008C6472 /* LaunchScreen.storyboard in Resources */ = {isa = PBXBuildFile; fileRef = 22208833217EA47C008C6472 /* LaunchScreen.storyboard */; };
		22208840217EA47C008C6472 /* savedataIOSTests.swift in Sources */ = {isa = PBXBuildFile; fileRef = 2220883F217EA47C008C6472 /* savedataIOSTests.swift */; };
		2220884B217EA47C008C6472 /* savedataIOSUITests.swift in Sources */ = {isa = PBXBuildFile; fileRef = 2220884A217EA47C008C6472 /* savedataIOSUITests.swift */; };
		2220885D217EB635008C6472 /* UserDTO.swift in Sources */ = {isa = PBXBuildFile; fileRef = 2220885C217EB635008C6472 /* UserDTO.swift */; };
		273B93DE2350857100B92889 /* GoogleService-Info.plist in Resources */ = {isa = PBXBuildFile; fileRef = 273B93DD2350857100B92889 /* GoogleService-Info.plist */; };
		442818C1FE9BFFEC0386FC3C /* Pods_savedataIOSUITests.framework in Frameworks */ = {isa = PBXBuildFile; fileRef = 0C9C637C43011EF174C887EB /* Pods_savedataIOSUITests.framework */; };
		D5E5BC0702D140776EF18D00 /* Pods_savedataIOSTests.framework in Frameworks */ = {isa = PBXBuildFile; fileRef = 2101832F8FAD30E807F0AFEA /* Pods_savedataIOSTests.framework */; };
		F34F851FBD7AE017C9C8467F /* Pods_savedataIOS.framework in Frameworks */ = {isa = PBXBuildFile; fileRef = 403270441786622695F3DED6 /* Pods_savedataIOS.framework */; };
/* End PBXBuildFile section */

/* Begin PBXContainerItemProxy section */
		2220883C217EA47C008C6472 /* PBXContainerItemProxy */ = {
			isa = PBXContainerItemProxy;
			containerPortal = 2220881F217EA47B008C6472 /* Project object */;
			proxyType = 1;
			remoteGlobalIDString = 22208826217EA47B008C6472;
			remoteInfo = savedataIOS;
		};
		22208847217EA47C008C6472 /* PBXContainerItemProxy */ = {
			isa = PBXContainerItemProxy;
			containerPortal = 2220881F217EA47B008C6472 /* Project object */;
			proxyType = 1;
			remoteGlobalIDString = 22208826217EA47B008C6472;
			remoteInfo = savedataIOS;
		};
/* End PBXContainerItemProxy section */

/* Begin PBXFileReference section */
		0C9C637C43011EF174C887EB /* Pods_savedataIOSUITests.framework */ = {isa = PBXFileReference; explicitFileType = wrapper.framework; includeInIndex = 0; path = Pods_savedataIOSUITests.framework; sourceTree = BUILT_PRODUCTS_DIR; };
		2101832F8FAD30E807F0AFEA /* Pods_savedataIOSTests.framework */ = {isa = PBXFileReference; explicitFileType = wrapper.framework; includeInIndex = 0; path = Pods_savedataIOSTests.framework; sourceTree = BUILT_PRODUCTS_DIR; };
		22208827217EA47B008C6472 /* savedataIOS.app */ = {isa = PBXFileReference; explicitFileType = wrapper.application; includeInIndex = 0; path = savedataIOS.app; sourceTree = BUILT_PRODUCTS_DIR; };
		2220882A217EA47B008C6472 /* AppDelegate.swift */ = {isa = PBXFileReference; lastKnownFileType = sourcecode.swift; path = AppDelegate.swift; sourceTree = "<group>"; };
		2220882C217EA47B008C6472 /* ViewController.swift */ = {isa = PBXFileReference; lastKnownFileType = sourcecode.swift; path = ViewController.swift; sourceTree = "<group>"; };
		2220882F217EA47B008C6472 /* Base */ = {isa = PBXFileReference; lastKnownFileType = file.storyboard; name = Base; path = Base.lproj/Main.storyboard; sourceTree = "<group>"; };
		22208831217EA47C008C6472 /* Assets.xcassets */ = {isa = PBXFileReference; lastKnownFileType = folder.assetcatalog; path = Assets.xcassets; sourceTree = "<group>"; };
		22208834217EA47C008C6472 /* Base */ = {isa = PBXFileReference; lastKnownFileType = file.storyboard; name = Base; path = Base.lproj/LaunchScreen.storyboard; sourceTree = "<group>"; };
		22208836217EA47C008C6472 /* Info.plist */ = {isa = PBXFileReference; lastKnownFileType = text.plist.xml; path = Info.plist; sourceTree = "<group>"; };
		2220883B217EA47C008C6472 /* savedataIOSTests.xctest */ = {isa = PBXFileReference; explicitFileType = wrapper.cfbundle; includeInIndex = 0; path = savedataIOSTests.xctest; sourceTree = BUILT_PRODUCTS_DIR; };
		2220883F217EA47C008C6472 /* savedataIOSTests.swift */ = {isa = PBXFileReference; lastKnownFileType = sourcecode.swift; path = savedataIOSTests.swift; sourceTree = "<group>"; };
		22208841217EA47C008C6472 /* Info.plist */ = {isa = PBXFileReference; lastKnownFileType = text.plist.xml; path = Info.plist; sourceTree = "<group>"; };
		22208846217EA47C008C6472 /* savedataIOSUITests.xctest */ = {isa = PBXFileReference; explicitFileType = wrapper.cfbundle; includeInIndex = 0; path = savedataIOSUITests.xctest; sourceTree = BUILT_PRODUCTS_DIR; };
		2220884A217EA47C008C6472 /* savedataIOSUITests.swift */ = {isa = PBXFileReference; lastKnownFileType = sourcecode.swift; path = savedataIOSUITests.swift; sourceTree = "<group>"; };
		2220884C217EA47C008C6472 /* Info.plist */ = {isa = PBXFileReference; lastKnownFileType = text.plist.xml; path = Info.plist; sourceTree = "<group>"; };
		2220885C217EB635008C6472 /* UserDTO.swift */ = {isa = PBXFileReference; lastKnownFileType = sourcecode.swift; path = UserDTO.swift; sourceTree = "<group>"; };
		273B93DD2350857100B92889 /* GoogleService-Info.plist */ = {isa = PBXFileReference; fileEncoding = 4; lastKnownFileType = text.plist.xml; name = "GoogleService-Info.plist"; path = "../../../Desktop/GoogleService-Info.plist"; sourceTree = "<group>"; };
		403270441786622695F3DED6 /* Pods_savedataIOS.framework */ = {isa = PBXFileReference; explicitFileType = wrapper.framework; includeInIndex = 0; path = Pods_savedataIOS.framework; sourceTree = BUILT_PRODUCTS_DIR; };
		5091587B370EB828D0BD40E1 /* Pods-savedataIOSUITests.release.xcconfig */ = {isa = PBXFileReference; includeInIndex = 1; lastKnownFileType = text.xcconfig; name = "Pods-savedataIOSUITests.release.xcconfig"; path = "Pods/Target Support Files/Pods-savedataIOSUITests/Pods-savedataIOSUITests.release.xcconfig"; sourceTree = "<group>"; };
		6775B2A80CBF309F931DE3E1 /* Pods-savedataIOS.debug.xcconfig */ = {isa = PBXFileReference; includeInIndex = 1; lastKnownFileType = text.xcconfig; name = "Pods-savedataIOS.debug.xcconfig"; path = "Pods/Target Support Files/Pods-savedataIOS/Pods-savedataIOS.debug.xcconfig"; sourceTree = "<group>"; };
		6E1AEA1D51B5D484CBA40D8D /* Pods-savedataIOS.release.xcconfig */ = {isa = PBXFileReference; includeInIndex = 1; lastKnownFileType = text.xcconfig; name = "Pods-savedataIOS.release.xcconfig"; path = "Pods/Target Support Files/Pods-savedataIOS/Pods-savedataIOS.release.xcconfig"; sourceTree = "<group>"; };
		9C95569774A9EBC0F0E70A55 /* Pods-savedataIOSTests.debug.xcconfig */ = {isa = PBXFileReference; includeInIndex = 1; lastKnownFileType = text.xcconfig; name = "Pods-savedataIOSTests.debug.xcconfig"; path = "Pods/Target Support Files/Pods-savedataIOSTests/Pods-savedataIOSTests.debug.xcconfig"; sourceTree = "<group>"; };
		B2308421B7C6198B90D8E579 /* Pods-savedataIOSTests.release.xcconfig */ = {isa = PBXFileReference; includeInIndex = 1; lastKnownFileType = text.xcconfig; name = "Pods-savedataIOSTests.release.xcconfig"; path = "Pods/Target Support Files/Pods-savedataIOSTests/Pods-savedataIOSTests.release.xcconfig"; sourceTree = "<group>"; };
		B5B6479F303450638DBE68FB /* Pods-savedataIOSUITests.debug.xcconfig */ = {isa = PBXFileReference; includeInIndex = 1; lastKnownFileType = text.xcconfig; name = "Pods-savedataIOSUITests.debug.xcconfig"; path = "Pods/Target Support Files/Pods-savedataIOSUITests/Pods-savedataIOSUITests.debug.xcconfig"; sourceTree = "<group>"; };
/* End PBXFileReference section */

/* Begin PBXFrameworksBuildPhase section */
		22208824217EA47B008C6472 /* Frameworks */ = {
			isa = PBXFrameworksBuildPhase;
			buildActionMask = 2147483647;
			files = (
				F34F851FBD7AE017C9C8467F /* Pods_savedataIOS.framework in Frameworks */,
			);
			runOnlyForDeploymentPostprocessing = 0;
		};
		22208838217EA47C008C6472 /* Frameworks */ = {
			isa = PBXFrameworksBuildPhase;
			buildActionMask = 2147483647;
			files = (
				D5E5BC0702D140776EF18D00 /* Pods_savedataIOSTests.framework in Frameworks */,
			);
			runOnlyForDeploymentPostprocessing = 0;
		};
		22208843217EA47C008C6472 /* Frameworks */ = {
			isa = PBXFrameworksBuildPhase;
			buildActionMask = 2147483647;
			files = (
				442818C1FE9BFFEC0386FC3C /* Pods_savedataIOSUITests.framework in Frameworks */,
			);
			runOnlyForDeploymentPostprocessing = 0;
		};
/* End PBXFrameworksBuildPhase section */

/* Begin PBXGroup section */
		00792CFA805DD3A6C9CA9D0C /* Pods */ = {
			isa = PBXGroup;
			children = (
				6775B2A80CBF309F931DE3E1 /* Pods-savedataIOS.debug.xcconfig */,
				6E1AEA1D51B5D484CBA40D8D /* Pods-savedataIOS.release.xcconfig */,
				9C95569774A9EBC0F0E70A55 /* Pods-savedataIOSTests.debug.xcconfig */,
				B2308421B7C6198B90D8E579 /* Pods-savedataIOSTests.release.xcconfig */,
				B5B6479F303450638DBE68FB /* Pods-savedataIOSUITests.debug.xcconfig */,
				5091587B370EB828D0BD40E1 /* Pods-savedataIOSUITests.release.xcconfig */,
			);
			name = Pods;
			sourceTree = "<group>";
		};
		2220881E217EA47B008C6472 = {
			isa = PBXGroup;
			children = (
				22208829217EA47B008C6472 /* savedataIOS */,
				2220883E217EA47C008C6472 /* savedataIOSTests */,
				22208849217EA47C008C6472 /* savedataIOSUITests */,
				22208828217EA47B008C6472 /* Products */,
				00792CFA805DD3A6C9CA9D0C /* Pods */,
				5C17B7C736FD196A01454FDD /* Frameworks */,
			);
			sourceTree = "<group>";
		};
		22208828217EA47B008C6472 /* Products */ = {
			isa = PBXGroup;
			children = (
				22208827217EA47B008C6472 /* savedataIOS.app */,
				2220883B217EA47C008C6472 /* savedataIOSTests.xctest */,
				22208846217EA47C008C6472 /* savedataIOSUITests.xctest */,
			);
			name = Products;
			sourceTree = "<group>";
		};
		22208829217EA47B008C6472 /* savedataIOS */ = {
			isa = PBXGroup;
			children = (
				2220882A217EA47B008C6472 /* AppDelegate.swift */,
				2220882C217EA47B008C6472 /* ViewController.swift */,
				2220882E217EA47B008C6472 /* Main.storyboard */,
				22208831217EA47C008C6472 /* Assets.xcassets */,
				22208833217EA47C008C6472 /* LaunchScreen.storyboard */,
				22208836217EA47C008C6472 /* Info.plist */,
				273B93DD2350857100B92889 /* GoogleService-Info.plist */,
				2220885C217EB635008C6472 /* UserDTO.swift */,
			);
			path = savedataIOS;
			sourceTree = "<group>";
		};
		2220883E217EA47C008C6472 /* savedataIOSTests */ = {
			isa = PBXGroup;
			children = (
				2220883F217EA47C008C6472 /* savedataIOSTests.swift */,
				22208841217EA47C008C6472 /* Info.plist */,
			);
			path = savedataIOSTests;
			sourceTree = "<group>";
		};
		22208849217EA47C008C6472 /* savedataIOSUITests */ = {
			isa = PBXGroup;
			children = (
				2220884A217EA47C008C6472 /* savedataIOSUITests.swift */,
				2220884C217EA47C008C6472 /* Info.plist */,
			);
			path = savedataIOSUITests;
			sourceTree = "<group>";
		};
		5C17B7C736FD196A01454FDD /* Frameworks */ = {
			isa = PBXGroup;
			children = (
				403270441786622695F3DED6 /* Pods_savedataIOS.framework */,
				2101832F8FAD30E807F0AFEA /* Pods_savedataIOSTests.framework */,
				0C9C637C43011EF174C887EB /* Pods_savedataIOSUITests.framework */,
			);
			name = Frameworks;
			sourceTree = "<group>";
		};
/* End PBXGroup section */

/* Begin PBXNativeTarget section */
		22208826217EA47B008C6472 /* savedataIOS */ = {
			isa = PBXNativeTarget;
			buildConfigurationList = 2220884F217EA47C008C6472 /* Build configuration list for PBXNativeTarget "savedataIOS" */;
			buildPhases = (
				335C00428338701C764A9D0A /* [CP] Check Pods Manifest.lock */,
				22208823217EA47B008C6472 /* Sources */,
				22208824217EA47B008C6472 /* Frameworks */,
				22208825217EA47B008C6472 /* Resources */,
				7A798B9BBF11C2830D64E132 /* [CP] Embed Pods Frameworks */,
			);
			buildRules = (
			);
			dependencies = (
			);
			name = savedataIOS;
			productName = savedataIOS;
			productReference = 22208827217EA47B008C6472 /* savedataIOS.app */;
			productType = "com.apple.product-type.application";
		};
		2220883A217EA47C008C6472 /* savedataIOSTests */ = {
			isa = PBXNativeTarget;
			buildConfigurationList = 22208852217EA47C008C6472 /* Build configuration list for PBXNativeTarget "savedataIOSTests" */;
			buildPhases = (
				F5E1E8D70310C9690EE49FC8 /* [CP] Check Pods Manifest.lock */,
				22208837217EA47C008C6472 /* Sources */,
				22208838217EA47C008C6472 /* Frameworks */,
				22208839217EA47C008C6472 /* Resources */,
			);
			buildRules = (
			);
			dependencies = (
				2220883D217EA47C008C6472 /* PBXTargetDependency */,
			);
			name = savedataIOSTests;
			productName = savedataIOSTests;
			productReference = 2220883B217EA47C008C6472 /* savedataIOSTests.xctest */;
			productType = "com.apple.product-type.bundle.unit-test";
		};
		22208845217EA47C008C6472 /* savedataIOSUITests */ = {
			isa = PBXNativeTarget;
			buildConfigurationList = 22208855217EA47C008C6472 /* Build configuration list for PBXNativeTarget "savedataIOSUITests" */;
			buildPhases = (
				78F001084AD996ED0454833B /* [CP] Check Pods Manifest.lock */,
				22208842217EA47C008C6472 /* Sources */,
				22208843217EA47C008C6472 /* Frameworks */,
				22208844217EA47C008C6472 /* Resources */,
			);
			buildRules = (
			);
			dependencies = (
				22208848217EA47C008C6472 /* PBXTargetDependency */,
			);
			name = savedataIOSUITests;
			productName = savedataIOSUITests;
			productReference = 22208846217EA47C008C6472 /* savedataIOSUITests.xctest */;
			productType = "com.apple.product-type.bundle.ui-testing";
		};
/* End PBXNativeTarget section */

/* Begin PBXProject section */
		2220881F217EA47B008C6472 /* Project object */ = {
			isa = PBXProject;
			attributes = {
				LastSwiftUpdateCheck = 0940;
				LastUpgradeCheck = 0940;
				ORGANIZATIONNAME = MacOS;
				TargetAttributes = {
					22208826217EA47B008C6472 = {
						CreatedOnToolsVersion = 9.4.1;
					};
					2220883A217EA47C008C6472 = {
						CreatedOnToolsVersion = 9.4.1;
						TestTargetID = 22208826217EA47B008C6472;
					};
					22208845217EA47C008C6472 = {
						CreatedOnToolsVersion = 9.4.1;
						TestTargetID = 22208826217EA47B008C6472;
					};
				};
			};
			buildConfigurationList = 22208822217EA47B008C6472 /* Build configuration list for PBXProject "savedataIOS" */;
			compatibilityVersion = "Xcode 9.3";
			developmentRegion = en;
			hasScannedForEncodings = 0;
			knownRegions = (
				en,
				Base,
			);
			mainGroup = 2220881E217EA47B008C6472;
			productRefGroup = 22208828217EA47B008C6472 /* Products */;
			projectDirPath = "";
			projectRoot = "";
			targets = (
				22208826217EA47B008C6472 /* savedataIOS */,
				2220883A217EA47C008C6472 /* savedataIOSTests */,
				22208845217EA47C008C6472 /* savedataIOSUITests */,
			);
		};
/* End PBXProject section */

/* Begin PBXResourcesBuildPhase section */
		22208825217EA47B008C6472 /* Resources */ = {
			isa = PBXResourcesBuildPhase;
			buildActionMask = 2147483647;
			files = (
				22208835217EA47C008C6472 /* LaunchScreen.storyboard in Resources */,
				273B93DE2350857100B92889 /* GoogleService-Info.plist in Resources */,
				22208832217EA47C008C6472 /* Assets.xcassets in Resources */,
				22208830217EA47B008C6472 /* Main.storyboard in Resources */,
			);
			runOnlyForDeploymentPostprocessing = 0;
		};
		22208839217EA47C008C6472 /* Resources */ = {
			isa = PBXResourcesBuildPhase;
			buildActionMask = 2147483647;
			files = (
			);
			runOnlyForDeploymentPostprocessing = 0;
		};
		22208844217EA47C008C6472 /* Resources */ = {
			isa = PBXResourcesBuildPhase;
			buildActionMask = 2147483647;
			files = (
			);
			runOnlyForDeploymentPostprocessing = 0;
		};
/* End PBXResourcesBuildPhase section */

/* Begin PBXShellScriptBuildPhase section */
		335C00428338701C764A9D0A /* [CP] Check Pods Manifest.lock */ = {
			isa = PBXShellScriptBuildPhase;
			buildActionMask = 2147483647;
			files = (
			);
			inputPaths = (
				"${PODS_PODFILE_DIR_PATH}/Podfile.lock",
				"${PODS_ROOT}/Manifest.lock",
			);
			name = "[CP] Check Pods Manifest.lock";
			outputPaths = (
				"$(DERIVED_FILE_DIR)/Pods-savedataIOS-checkManifestLockResult.txt",
			);
			runOnlyForDeploymentPostprocessing = 0;
			shellPath = /bin/sh;
			shellScript = "diff \"${PODS_PODFILE_DIR_PATH}/Podfile.lock\" \"${PODS_ROOT}/Manifest.lock\" > /dev/null\nif [ $? != 0 ] ; then\n    # print error to STDERR\n    echo \"error: The sandbox is not in sync with the Podfile.lock. Run 'pod install' or update your CocoaPods installation.\" >&2\n    exit 1\nfi\n# This output is used by Xcode 'outputs' to avoid re-running this script phase.\necho \"SUCCESS\" > \"${SCRIPT_OUTPUT_FILE_0}\"\n";
			showEnvVarsInLog = 0;
		};
		78F001084AD996ED0454833B /* [CP] Check Pods Manifest.lock */ = {
			isa = PBXShellScriptBuildPhase;
			buildActionMask = 2147483647;
			files = (
			);
			inputPaths = (
				"${PODS_PODFILE_DIR_PATH}/Podfile.lock",
				"${PODS_ROOT}/Manifest.lock",
			);
			name = "[CP] Check Pods Manifest.lock";
			outputPaths = (
				"$(DERIVED_FILE_DIR)/Pods-savedataIOSUITests-checkManifestLockResult.txt",
			);
			runOnlyForDeploymentPostprocessing = 0;
			shellPath = /bin/sh;
			shellScript = "diff \"${PODS_PODFILE_DIR_PATH}/Podfile.lock\" \"${PODS_ROOT}/Manifest.lock\" > /dev/null\nif [ $? != 0 ] ; then\n    # print error to STDERR\n    echo \"error: The sandbox is not in sync with the Podfile.lock. Run 'pod install' or update your CocoaPods installation.\" >&2\n    exit 1\nfi\n# This output is used by Xcode 'outputs' to avoid re-running this script phase.\necho \"SUCCESS\" > \"${SCRIPT_OUTPUT_FILE_0}\"\n";
			showEnvVarsInLog = 0;
		};
		7A798B9BBF11C2830D64E132 /* [CP] Embed Pods Frameworks */ = {
			isa = PBXShellScriptBuildPhase;
			buildActionMask = 2147483647;
			files = (
			);
			inputPaths = (
				"${SRCROOT}/Pods/Target Support Files/Pods-savedataIOS/Pods-savedataIOS-frameworks.sh",
				"${BUILT_PRODUCTS_DIR}/GoogleUtilities/GoogleUtilities.framework",
				"${BUILT_PRODUCTS_DIR}/leveldb-library/leveldb.framework",
				"${BUILT_PRODUCTS_DIR}/nanopb/nanopb.framework",
			);
			name = "[CP] Embed Pods Frameworks";
			outputPaths = (
				"${TARGET_BUILD_DIR}/${FRAMEWORKS_FOLDER_PATH}/GoogleUtilities.framework",
				"${TARGET_BUILD_DIR}/${FRAMEWORKS_FOLDER_PATH}/leveldb.framework",
				"${TARGET_BUILD_DIR}/${FRAMEWORKS_FOLDER_PATH}/nanopb.framework",
			);
			runOnlyForDeploymentPostprocessing = 0;
			shellPath = /bin/sh;
			shellScript = "\"${SRCROOT}/Pods/Target Support Files/Pods-savedataIOS/Pods-savedataIOS-frameworks.sh\"\n";
			showEnvVarsInLog = 0;
		};
		F5E1E8D70310C9690EE49FC8 /* [CP] Check Pods Manifest.lock */ = {
			isa = PBXShellScriptBuildPhase;
			buildActionMask = 2147483647;
			files = (
			);
			inputPaths = (
				"${PODS_PODFILE_DIR_PATH}/Podfile.lock",
				"${PODS_ROOT}/Manifest.lock",
			);
			name = "[CP] Check Pods Manifest.lock";
			outputPaths = (
				"$(DERIVED_FILE_DIR)/Pods-savedataIOSTests-checkManifestLockResult.txt",
			);
			runOnlyForDeploymentPostprocessing = 0;
			shellPath = /bin/sh;
			shellScript = "diff \"${PODS_PODFILE_DIR_PATH}/Podfile.lock\" \"${PODS_ROOT}/Manifest.lock\" > /dev/null\nif [ $? != 0 ] ; then\n    # print error to STDERR\n    echo \"error: The sandbox is not in sync with the Podfile.lock. Run 'pod install' or update your CocoaPods installation.\" >&2\n    exit 1\nfi\n# This output is used by Xcode 'outputs' to avoid re-running this script phase.\necho \"SUCCESS\" > \"${SCRIPT_OUTPUT_FILE_0}\"\n";
			showEnvVarsInLog = 0;
		};
/* End PBXShellScriptBuildPhase section */

/* Begin PBXSourcesBuildPhase section */
		22208823217EA47B008C6472 /* Sources */ = {
			isa = PBXSourcesBuildPhase;
			buildActionMask = 2147483647;
			files = (
				2220885D217EB635008C6472 /* UserDTO.swift in Sources */,
				2220882D217EA47B008C6472 /* ViewController.swift in Sources */,
				2220882B217EA47B008C6472 /* AppDelegate.swift in Sources */,
			);
			runOnlyForDeploymentPostprocessing = 0;
		};
		22208837217EA47C008C6472 /* Sources */ = {
			isa = PBXSourcesBuildPhase;
			buildActionMask = 2147483647;
			files = (
				22208840217EA47C008C6472 /* savedataIOSTests.swift in Sources */,
			);
			runOnlyForDeploymentPostprocessing = 0;
		};
		22208842217EA47C008C6472 /* Sources */ = {
			isa = PBXSourcesBuildPhase;
			buildActionMask = 2147483647;
			files = (
				2220884B217EA47C008C6472 /* savedataIOSUITests.swift in Sources */,
			);
			runOnlyForDeploymentPostprocessing = 0;
		};
/* End PBXSourcesBuildPhase section */

/* Begin PBXTargetDependency section */
		2220883D217EA47C008C6472 /* PBXTargetDependency */ = {
			isa = PBXTargetDependency;
			target = 22208826217EA47B008C6472 /* savedataIOS */;
			targetProxy = 2220883C217EA47C008C6472 /* PBXContainerItemProxy */;
		};
		22208848217EA47C008C6472 /* PBXTargetDependency */ = {
			isa = PBXTargetDependency;
			target = 22208826217EA47B008C6472 /* savedataIOS */;
			targetProxy = 22208847217EA47C008C6472 /* PBXContainerItemProxy */;
		};
/* End PBXTargetDependency section */

/* Begin PBXVariantGroup section */
		2220882E217EA47B008C6472 /* Main.storyboard */ = {
			isa = PBXVariantGroup;
			children = (
				2220882F217EA47B008C6472 /* Base */,
			);
			name = Main.storyboard;
			sourceTree = "<group>";
		};
		22208833217EA47C008C6472 /* LaunchScreen.storyboard */ = {
			isa = PBXVariantGroup;
			children = (
				22208834217EA47C008C6472 /* Base */,
			);
			name = LaunchScreen.storyboard;
			sourceTree = "<group>";
		};
/* End PBXVariantGroup section */

/* Begin XCBuildConfiguration section */
		2220884D217EA47C008C6472 /* Debug */ = {
			isa = XCBuildConfiguration;
			buildSettings = {
				ALWAYS_SEARCH_USER_PATHS = NO;
				CLANG_ANALYZER_NONNULL = YES;
				CLANG_ANALYZER_NUMBER_OBJECT_CONVERSION = YES_AGGRESSIVE;
				CLANG_CXX_LANGUAGE_STANDARD = "gnu++14";
				CLANG_CXX_LIBRARY = "libc++";
				CLANG_ENABLE_MODULES = YES;
				CLANG_ENABLE_OBJC_ARC = YES;
				CLANG_ENABLE_OBJC_WEAK = YES;
				CLANG_WARN_BLOCK_CAPTURE_AUTORELEASING = YES;
				CLANG_WARN_BOOL_CONVERSION = YES;
				CLANG_WARN_COMMA = YES;
				CLANG_WARN_CONSTANT_CONVERSION = YES;
				CLANG_WARN_DEPRECATED_OBJC_IMPLEMENTATIONS = YES;
				CLANG_WARN_DIRECT_OBJC_ISA_USAGE = YES_ERROR;
				CLANG_WARN_DOCUMENTATION_COMMENTS = YES;
				CLANG_WARN_EMPTY_BODY = YES;
				CLANG_WARN_ENUM_CONVERSION = YES;
				CLANG_WARN_INFINITE_RECURSION = YES;
				CLANG_WARN_INT_CONVERSION = YES;
				CLANG_WARN_NON_LITERAL_NULL_CONVERSION = YES;
				CLANG_WARN_OBJC_IMPLICIT_RETAIN_SELF = YES;
				CLANG_WARN_OBJC_LITERAL_CONVERSION = YES;
				CLANG_WARN_OBJC_ROOT_CLASS = YES_ERROR;
				CLANG_WARN_RANGE_LOOP_ANALYSIS = YES;
				CLANG_WARN_STRICT_PROTOTYPES = YES;
				CLANG_WARN_SUSPICIOUS_MOVE = YES;
				CLANG_WARN_UNGUARDED_AVAILABILITY = YES_AGGRESSIVE;
				CLANG_WARN_UNREACHABLE_CODE = YES;
				CLANG_WARN__DUPLICATE_METHOD_MATCH = YES;
				CODE_SIGN_IDENTITY = "iPhone Developer";
				COPY_PHASE_STRIP = NO;
				DEBUG_INFORMATION_FORMAT = dwarf;
				ENABLE_STRICT_OBJC_MSGSEND = YES;
				ENABLE_TESTABILITY = YES;
				GCC_C_LANGUAGE_STANDARD = gnu11;
				GCC_DYNAMIC_NO_PIC = NO;
				GCC_NO_COMMON_BLOCKS = YES;
				GCC_OPTIMIZATION_LEVEL = 0;
				GCC_PREPROCESSOR_DEFINITIONS = (
					"DEBUG=1",
					"$(inherited)",
				);
				GCC_WARN_64_TO_32_BIT_CONVERSION = YES;
				GCC_WARN_ABOUT_RETURN_TYPE = YES_ERROR;
				GCC_WARN_UNDECLARED_SELECTOR = YES;
				GCC_WARN_UNINITIALIZED_AUTOS = YES_AGGRESSIVE;
				GCC_WARN_UNUSED_FUNCTION = YES;
				GCC_WARN_UNUSED_VARIABLE = YES;
				IPHONEOS_DEPLOYMENT_TARGET = 11.4;
				MTL_ENABLE_DEBUG_INFO = YES;
				ONLY_ACTIVE_ARCH = YES;
				SDKROOT = iphoneos;
				SWIFT_ACTIVE_COMPILATION_CONDITIONS = DEBUG;
				SWIFT_OPTIMIZATION_LEVEL = "-Onone";
			};
			name = Debug;
		};
		2220884E217EA47C008C6472 /* Release */ = {
			isa = XCBuildConfiguration;
			buildSettings = {
				ALWAYS_SEARCH_USER_PATHS = NO;
				CLANG_ANALYZER_NONNULL = YES;
				CLANG_ANALYZER_NUMBER_OBJECT_CONVERSION = YES_AGGRESSIVE;
				CLANG_CXX_LANGUAGE_STANDARD = "gnu++14";
				CLANG_CXX_LIBRARY = "libc++";
				CLANG_ENABLE_MODULES = YES;
				CLANG_ENABLE_OBJC_ARC = YES;
				CLANG_ENABLE_OBJC_WEAK = YES;
				CLANG_WARN_BLOCK_CAPTURE_AUTORELEASING = YES;
				CLANG_WARN_BOOL_CONVERSION = YES;
				CLANG_WARN_COMMA = YES;
				CLANG_WARN_CONSTANT_CONVERSION = YES;
				CLANG_WARN_DEPRECATED_OBJC_IMPLEMENTATIONS = YES;
				CLANG_WARN_DIRECT_OBJC_ISA_USAGE = YES_ERROR;
				CLANG_WARN_DOCUMENTATION_COMMENTS = YES;
				CLANG_WARN_EMPTY_BODY = YES;
				CLANG_WARN_ENUM_CONVERSION = YES;
				CLANG_WARN_INFINITE_RECURSION = YES;
				CLANG_WARN_INT_CONVERSION = YES;
				CLANG_WARN_NON_LITERAL_NULL_CONVERSION = YES;
				CLANG_WARN_OBJC_IMPLICIT_RETAIN_SELF = YES;
				CLANG_WARN_OBJC_LITERAL_CONVERSION = YES;
				CLANG_WARN_OBJC_ROOT_CLASS = YES_ERROR;
				CLANG_WARN_RANGE_LOOP_ANALYSIS = YES;
				CLANG_WARN_STRICT_PROTOTYPES = YES;
				CLANG_WARN_SUSPICIOUS_MOVE = YES;
				CLANG_WARN_UNGUARDED_AVAILABILITY = YES_AGGRESSIVE;
				CLANG_WARN_UNREACHABLE_CODE = YES;
				CLANG_WARN__DUPLICATE_METHOD_MATCH = YES;
				CODE_SIGN_IDENTITY = "iPhone Developer";
				COPY_PHASE_STRIP = NO;
				DEBUG_INFORMATION_FORMAT = "dwarf-with-dsym";
				ENABLE_NS_ASSERTIONS = NO;
				ENABLE_STRICT_OBJC_MSGSEND = YES;
				GCC_C_LANGUAGE_STANDARD = gnu11;
				GCC_NO_COMMON_BLOCKS = YES;
				GCC_WARN_64_TO_32_BIT_CONVERSION = YES;
				GCC_WARN_ABOUT_RETURN_TYPE = YES_ERROR;
				GCC_WARN_UNDECLARED_SELECTOR = YES;
				GCC_WARN_UNINITIALIZED_AUTOS = YES_AGGRESSIVE;
				GCC_WARN_UNUSED_FUNCTION = YES;
				GCC_WARN_UNUSED_VARIABLE = YES;
				IPHONEOS_DEPLOYMENT_TARGET = 11.4;
				MTL_ENABLE_DEBUG_INFO = NO;
				SDKROOT = iphoneos;
				SWIFT_COMPILATION_MODE = wholemodule;
				SWIFT_OPTIMIZATION_LEVEL = "-O";
				VALIDATE_PRODUCT = YES;
			};
			name = Release;
		};
		22208850217EA47C008C6472 /* Debug */ = {
			isa = XCBuildConfiguration;
			baseConfigurationReference = 6775B2A80CBF309F931DE3E1 /* Pods-savedataIOS.debug.xcconfig */;
			buildSettings = {
				ASSETCATALOG_COMPILER_APPICON_NAME = AppIcon;
				CODE_SIGN_STYLE = Automatic;
				INFOPLIST_FILE = savedataIOS/Info.plist;
				LD_RUNPATH_SEARCH_PATHS = (
					"$(inherited)",
					"@executable_path/Frameworks",
				);
				PRODUCT_BUNDLE_IDENTIFIER = com.vishnu.product.products;
				PRODUCT_NAME = "$(TARGET_NAME)";
				SWIFT_VERSION = 4.0;
				TARGETED_DEVICE_FAMILY = "1,2";
			};
			name = Debug;
		};
		22208851217EA47C008C6472 /* Release */ = {
			isa = XCBuildConfiguration;
			baseConfigurationReference = 6E1AEA1D51B5D484CBA40D8D /* Pods-savedataIOS.release.xcconfig */;
			buildSettings = {
				ASSETCATALOG_COMPILER_APPICON_NAME = AppIcon;
				CODE_SIGN_STYLE = Automatic;
				INFOPLIST_FILE = savedataIOS/Info.plist;
				LD_RUNPATH_SEARCH_PATHS = (
					"$(inherited)",
					"@executable_path/Frameworks",
				);
				PRODUCT_BUNDLE_IDENTIFIER = com.vishnu.product.products;
				PRODUCT_NAME = "$(TARGET_NAME)";
				SWIFT_VERSION = 4.0;
				TARGETED_DEVICE_FAMILY = "1,2";
			};
			name = Release;
		};
		22208853217EA47C008C6472 /* Debug */ = {
			isa = XCBuildConfiguration;
			baseConfigurationReference = 9C95569774A9EBC0F0E70A55 /* Pods-savedataIOSTests.debug.xcconfig */;
			buildSettings = {
				ALWAYS_EMBED_SWIFT_STANDARD_LIBRARIES = YES;
				BUNDLE_LOADER = "$(TEST_HOST)";
				CODE_SIGN_STYLE = Automatic;
				INFOPLIST_FILE = savedataIOSTests/Info.plist;
				LD_RUNPATH_SEARCH_PATHS = (
					"$(inherited)",
					"@executable_path/Frameworks",
					"@loader_path/Frameworks",
				);
				PRODUCT_BUNDLE_IDENTIFIER = com.asiapower.savedataIOSTests;
				PRODUCT_NAME = "$(TARGET_NAME)";
				SWIFT_VERSION = 4.0;
				TARGETED_DEVICE_FAMILY = "1,2";
				TEST_HOST = "$(BUILT_PRODUCTS_DIR)/savedataIOS.app/savedataIOS";
			};
			name = Debug;
		};
		22208854217EA47C008C6472 /* Release */ = {
			isa = XCBuildConfiguration;
			baseConfigurationReference = B2308421B7C6198B90D8E579 /* Pods-savedataIOSTests.release.xcconfig */;
			buildSettings = {
				ALWAYS_EMBED_SWIFT_STANDARD_LIBRARIES = YES;
				BUNDLE_LOADER = "$(TEST_HOST)";
				CODE_SIGN_STYLE = Automatic;
				INFOPLIST_FILE = savedataIOSTests/Info.plist;
				LD_RUNPATH_SEARCH_PATHS = (
					"$(inherited)",
					"@executable_path/Frameworks",
					"@loader_path/Frameworks",
				);
				PRODUCT_BUNDLE_IDENTIFIER = com.asiapower.savedataIOSTests;
				PRODUCT_NAME = "$(TARGET_NAME)";
				SWIFT_VERSION = 4.0;
				TARGETED_DEVICE_FAMILY = "1,2";
				TEST_HOST = "$(BUILT_PRODUCTS_DIR)/savedataIOS.app/savedataIOS";
			};
			name = Release;
		};
		22208856217EA47C008C6472 /* Debug */ = {
			isa = XCBuildConfiguration;
			baseConfigurationReference = B5B6479F303450638DBE68FB /* Pods-savedataIOSUITests.debug.xcconfig */;
			buildSettings = {
				ALWAYS_EMBED_SWIFT_STANDARD_LIBRARIES = YES;
				CODE_SIGN_STYLE = Automatic;
				INFOPLIST_FILE = savedataIOSUITests/Info.plist;
				LD_RUNPATH_SEARCH_PATHS = (
					"$(inherited)",
					"@executable_path/Frameworks",
					"@loader_path/Frameworks",
				);
				PRODUCT_BUNDLE_IDENTIFIER = com.asiapower.savedataIOSUITests;
				PRODUCT_NAME = "$(TARGET_NAME)";
				SWIFT_VERSION = 4.0;
				TARGETED_DEVICE_FAMILY = "1,2";
				TEST_TARGET_NAME = savedataIOS;
			};
			name = Debug;
		};
		22208857217EA47C008C6472 /* Release */ = {
			isa = XCBuildConfiguration;
			baseConfigurationReference = 5091587B370EB828D0BD40E1 /* Pods-savedataIOSUITests.release.xcconfig */;
			buildSettings = {
				ALWAYS_EMBED_SWIFT_STANDARD_LIBRARIES = YES;
				CODE_SIGN_STYLE = Automatic;
				INFOPLIST_FILE = savedataIOSUITests/Info.plist;
				LD_RUNPATH_SEARCH_PATHS = (
					"$(inherited)",
					"@executable_path/Frameworks",
					"@loader_path/Frameworks",
				);
				PRODUCT_BUNDLE_IDENTIFIER = com.asiapower.savedataIOSUITests;
				PRODUCT_NAME = "$(TARGET_NAME)";
				SWIFT_VERSION = 4.0;
				TARGETED_DEVICE_FAMILY = "1,2";
				TEST_TARGET_NAME = savedataIOS;
			};
			name = Release;
		};
/* End XCBuildConfiguration section */

/* Begin XCConfigurationList section */
		22208822217EA47B008C6472 /* Build configuration list for PBXProject "savedataIOS" */ = {
			isa = XCConfigurationList;
			buildConfigurations = (
				2220884D217EA47C008C6472 /* Debug */,
				2220884E217EA47C008C6472 /* Release */,
			);
			defaultConfigurationIsVisible = 0;
			defaultConfigurationName = Release;
		};
		2220884F217EA47C008C6472 /* Build configuration list for PBXNativeTarget "savedataIOS" */ = {
			isa = XCConfigurationList;
			buildConfigurations = (
				22208850217EA47C008C6472 /* Debug */,
				22208851217EA47C008C6472 /* Release */,
			);
			defaultConfigurationIsVisible = 0;
			defaultConfigurationName = Release;
		};
		22208852217EA47C008C6472 /* Build configuration list for PBXNativeTarget "savedataIOSTests" */ = {
			isa = XCConfigurationList;
			buildConfigurations = (
				22208853217EA47C008C6472 /* Debug */,
				22208854217EA47C008C6472 /* Release */,
			);
			defaultConfigurationIsVisible = 0;
			defaultConfigurationName = Release;
		};
		22208855217EA47C008C6472 /* Build configuration list for PBXNativeTarget "savedataIOSUITests" */ = {
			isa = XCConfigurationList;
			buildConfigurations = (
				22208856217EA47C008C6472 /* Debug */,
				22208857217EA47C008C6472 /* Release */,
			);
			defaultConfigurationIsVisible = 0;
			defaultConfigurationName = Release;
		};
/* End XCConfigurationList section */
	};
	rootObject = 2220881F217EA47B008C6472 /* Project object */;
}
